{
  "nodes": {
    "brew-src": {
      "flake": false,
      "locked": {
        "lastModified": 1785398693,
        "narHash": "sha256-gnVgZrcLTGjpKsI7rjZQNjmoihziPB7rI/S9OXBlObk=",
        "owner": "Homebrew",
        "repo": "brew",
        "rev": "2eaef66d2d3d45b15c0d1fd703134f9dadb5c54e",
        "type": "github"
      },
      "original": {
        "owner": "Homebrew",
        "repo": "brew",
        "rev": "2eaef66d2d3d45b15c0d1fd703134f9dadb5c54e",
        "type": "github"
      }
    },
    "home-manager": {
      "inputs": {
        "nixpkgs": [
          "nixpkgs"
        ]
      },
      "locked": {
        "lastModified": 1785531816,
        "narHash": "sha256-vkMnV0JIyw+g/NmcfoajlGaAO+9a0ezia+FZohQJrik=",
        "owner": "nix-community",
        "repo": "home-manager",
        "rev": "bf9ce9fec78f95f374e8dd3b503863a3ec128ebe",
        "type": "github"
      },
      "original": {
        "owner": "nix-community",
        "ref": "master",
        "repo": "home-manager",
        "type": "github"
      }
    },
    "nix-darwin": {
      "inputs": {
        "nixpkgs": [
          "nixpkgs"
        ]
      },
      "locked": {
        "lastModified": 1785389976,
        "narHash": "sha256-0tLW8Ff5yt8AH97jw4ZpFJ0OCJ122zIlgWGDmOfU/VU=",
        "owner": "LnL7",
        "repo": "nix-darwin",
        "rev": "15abb8c98f336cd8bd840d71059adebabe60bf04",
        "type": "github"
      },
      "original": {
        "owner": "LnL7",
        "repo": "nix-darwin",
        "type": "github"
      }
    },
    "nix-homebrew": {
      "inputs": {
        "brew-src": [
          "brew-src"
        ]
      },
      "locked": {
        "lastModified": 1785544760,
        "narHash": "sha256-qV6OoNuly4ntqpCg7esIeJjUboxSnQNlLPxz+y5h9/o=",
        "owner": "zhaofengli-wip",
        "repo": "nix-homebrew",
        "rev": "937ce52c7d046310571f3a070713804ead496843",
        "type": "github"
      },
      "original": {
        "owner": "zhaofengli-wip",
        "repo": "nix-homebrew",
        "type": "github"
      }
    },
    "nixpkgs": {
      "locked": {
        "lastModified": 1785301185,
        "narHash": "sha256-eoS3KQTO0aPWXZvIaRbRAzSSHW3l5wdMFXtT1ISfoKA=",
        "owner": "NixOS",
        "repo": "nixpkgs",
        "rev": "9bc02893134c733dd85de46ee4fb2fac696b5529",
        "type": "github"
      },
      "original": {
        "owner": "NixOS",
        "ref": "nixpkgs-unstable",
        "repo": "nixpkgs",
        "type": "github"
      }
    },
    "root": {
      "inputs": {
        "brew-src": "brew-src",
        "home-manager": "home-manager",
        "nix-darwin": "nix-darwin",
        "nix-homebrew": "nix-homebrew",
        "nixpkgs": "nixpkgs"
      }
    }
  },
  "root": "root",
  "version": 7
}
